
Microsoft Visual Studio Solution File, Format Version 12.00
Project("{FAE04EC0-301F-11D3-BF4B-00C04F79EFBC}") = "RunInspectionTest", "RunInspectionTest.csproj", "{78FD3384-D388-49C1-BA32-D755565BEFD2}"
EndProject
Project("{FAE04EC0-301F-11D3-BF4B-00C04F79EFBC}") = "OtherProject", "OtherProject\OtherProject.csproj", "{73C3251F-BF4B-41E5-908A-1BC8B19A0860}"
EndProject
Global
	GlobalSection(SolutionConfigurationPlatforms) = preSolution
		Debug|Any CPU = Debug|Any CPU
		Release|Any CPU = Release|Any CPU
	EndGlobalSection
	GlobalSection(ProjectConfigurationPlatforms) = postSolution
		{78FD3384-D388-49C1-BA32-D755565BEFD2}.Debug|Any CPU.ActiveCfg = Debug|Any CPU
		{78FD3384-D388-49C1-BA32-D755565BEFD2}.Debug|Any CPU.Build.0 = Debug|Any CPU
		{78FD3384-D388-49C1-BA32-D755565BEFD2}.Release|Any CPU.ActiveCfg = Release|Any CPU
		{78FD3384-D388-49C1-BA32-D755565BEFD2}.Release|Any CPU.Build.0 = Release|Any CPU
		{73C3251F-BF4B-41E5-908A-1BC8B19A0860}.Debug|Any CPU.ActiveCfg = Debug|Any CPU
		{73C3251F-BF4B-41E5-908A-1BC8B19A0860}.Debug|Any CPU.Build.0 = Debug|Any CPU
		{73C3251F-BF4B-41E5-908A-1BC8B19A0860}.Release|Any CPU.ActiveCfg = Release|Any CPU
		{73C3251F-BF4B-41E5-908A-1BC8B19A0860}.Release|Any CPU.Build.0 = Release|Any CPU
	EndGlobalSection
EndGlobal
